
Microsoft Visual Studio Solution File, Format Version 12.00
# Visual Studio Version 17
VisualStudioVersion = 17.6.33815.320
MinimumVisualStudioVersion = 10.0.40219.1
Project("{FAE04EC0-301F-11D3-BF4B-00C04F79EFBC}") = "WPF_Kifir", "WPF_Kifir.csproj", "{EDCB3D27-CBB2-481C-B3FF-141A5EC4F121}"
EndProject
Global
	GlobalSection(SolutionConfigurationPlatforms) = preSolution
		Debug|Any CPU = Debug|Any CPU
		Release|Any CPU = Release|Any CPU
	EndGlobalSection
	GlobalSection(ProjectConfigurationPlatforms) = postSolution
		{EDCB3D27-CBB2-481C-B3FF-141A5EC4F121}.Debug|Any CPU.ActiveCfg = Debug|Any CPU
		{EDCB3D27-CBB2-481C-B3FF-141A5EC4F121}.Debug|Any CPU.Build.0 = Debug|Any CPU
		{EDCB3D27-CBB2-481C-B3FF-141A5EC4F121}.Release|Any CPU.ActiveCfg = Release|Any CPU
		{EDCB3D27-CBB2-481C-B3FF-141A5EC4F121}.Release|Any CPU.Build.0 = Release|Any CPU
	EndGlobalSection
	GlobalSection(SolutionProperties) = preSolution
		HideSolutionNode = FALSE
	EndGlobalSection
	GlobalSection(ExtensibilityGlobals) = postSolution
		SolutionGuid = {865874F0-38BC-4506-9D23-34F39A29D5C7}
	EndGlobalSection
EndGlobal
